
Microsoft Visual Studio Solution File, Format Version 12.00
# Visual Studio 15
Project("{FAE04EC0-301F-11D3-BF4B-00C04F79EFBC}") = "Unity.Timeline", "Unity.Timeline.csproj", "{B49DB728-C067-41CF-CAAE-68904D51AAD2}"
EndProject
Project("{FAE04EC0-301F-11D3-BF4B-00C04F79EFBC}") = "Unity.Timeline.Editor", "Unity.Timeline.Editor.csproj", "{2239FCC2-CE27-6E06-46D8-AFBD93232E80}"
EndProject
Project("{FAE04EC0-301F-11D3-BF4B-00C04F79EFBC}") = "Unity.PlasticSCM.Editor", "Unity.PlasticSCM.Editor.csproj", "{8C8B0884-8691-A172-A589-035825ACFBD1}"
EndProject
Project("{FAE04EC0-301F-11D3-BF4B-00C04F79EFBC}") = "Unity.2D.Tilemap.Editor", "Unity.2D.Tilemap.Editor.csproj", "{E9CD3535-93CB-C431-D813-8B5657AAB56C}"
EndProject
Project("{FAE04EC0-301F-11D3-BF4B-00C04F79EFBC}") = "Unity.TextMeshPro.Editor", "Unity.TextMeshPro.Editor.csproj", "{4CBC8FA6-28B6-0ED8-F608-9F4F2F3F4A85}"
EndProject
Project("{FAE04EC0-301F-11D3-BF4B-00C04F79EFBC}") = "Unity.2D.Aseprite.Editor", "Unity.2D.Aseprite.Editor.csproj", "{FFA476ED-B272-2C76-0BFF-957283978E08}"
EndProject
Project("{FAE04EC0-301F-11D3-BF4B-00C04F79EFBC}") = "CFXREditor", "CFXREditor.csproj", "{15480E1B-9AE4-CF7A-E411-5664874366CB}"
EndProject
Project("{FAE04EC0-301F-11D3-BF4B-00C04F79EFBC}") = "Unity.VisualScripting.Flow", "Unity.VisualScripting.Flow.csproj", "{118D52AD-A26A-6662-EAB9-53B5F3F1E5C4}"
EndProject
Project("{FAE04EC0-301F-11D3-BF4B-00C04F79EFBC}") = "UnityEditor.UI", "UnityEditor.UI.csproj", "{20B202E0-55E4-342B-045A-33616E4EFF91}"
EndProject
Project("{FAE04EC0-301F-11D3-BF4B-00C04F79EFBC}") = "Unity.ProBuilder", "Unity.ProBuilder.csproj", "{05AF764C-6A9B-E857-DCFB-646DA7A442FE}"
EndProject
Project("{FAE04EC0-301F-11D3-BF4B-00C04F79EFBC}") = "Unity.2D.Psdimporter.Editor", "Unity.2D.Psdimporter.Editor.csproj", "{F3B98E7A-1435-00E7-679E-5E39B4D9B6C0}"
EndProject
Project("{FAE04EC0-301F-11D3-BF4B-00C04F79EFBC}") = "Unity.VisualScripting.Core", "Unity.VisualScripting.Core.csproj", "{CE920D29-B3C2-A2B3-CE8F-B3BEEBF93D82}"
EndProject
Project("{FAE04EC0-301F-11D3-BF4B-00C04F79EFBC}") = "Unity.ProBuilder.Editor", "Unity.ProBuilder.Editor.csproj", "{A1C41B46-6A2B-00E9-1D60-401ED3244040}"
EndProject
Project("{FAE04EC0-301F-11D3-BF4B-00C04F79EFBC}") = "Unity.Mathematics", "Unity.Mathematics.csproj", "{7EDBD9F4-78CE-FB2C-4E6D-618B1BA97D29}"
EndProject
Project("{FAE04EC0-301F-11D3-BF4B-00C04F79EFBC}") = "Unity.2D.Common.Path.Editor", "Unity.2D.Common.Path.Editor.csproj", "{9C6A18A0-27D7-F10D-94DE-68AFA977609E}"
EndProject
Project("{FAE04EC0-301F-11D3-BF4B-00C04F79EFBC}") = "Unity.VisualScripting.Core.Editor", "Unity.VisualScripting.Core.Editor.csproj", "{8090DEB4-1744-5524-9A5D-2900B1A165F1}"
EndProject
Project("{FAE04EC0-301F-11D3-BF4B-00C04F79EFBC}") = "Unity.2D.IK.Runtime", "Unity.2D.IK.Runtime.csproj", "{F63D9415-B533-FCB6-217E-183CD586C2AA}"
EndProject
Project("{FAE04EC0-301F-11D3-BF4B-00C04F79EFBC}") = "Unity.2D.Animation.Editor", "Unity.2D.Animation.Editor.csproj", "{27B9DF21-7BB8-98EF-3501-CEFE8B76D1BE}"
EndProject
Project("{FAE04EC0-301F-11D3-BF4B-00C04F79EFBC}") = "Unity.VisualScripting.Flow.Editor", "Unity.VisualScripting.Flow.Editor.csproj", "{6A59B9CA-9E74-CA3D-2E03-236B4C7E3516}"
EndProject
Project("{FAE04EC0-301F-11D3-BF4B-00C04F79EFBC}") = "UnityEditor.TestRunner", "UnityEditor.TestRunner.csproj", "{077E57D4-F832-17BB-77D2-9E56342CDE74}"
EndProject
Project("{FAE04EC0-301F-11D3-BF4B-00C04F79EFBC}") = "Unity.ProBuilder.Poly2Tri", "Unity.ProBuilder.Poly2Tri.csproj", "{D7ECD83C-3CD9-DEBA-42E5-6E44A1179D90}"
EndProject
Project("{FAE04EC0-301F-11D3-BF4B-00C04F79EFBC}") = "Unity.VisualScripting.SettingsProvider.Editor", "Unity.VisualScripting.SettingsProvider.Editor.csproj", "{344B57BE-E544-C950-5270-CDA9C5116620}"
EndProject
Project("{FAE04EC0-301F-11D3-BF4B-00C04F79EFBC}") = "UnityEngine.TestRunner", "UnityEngine.TestRunner.csproj", "{C4390CF4-6EF9-E9AD-764F-07FE2C94E3F1}"
EndProject
Project("{FAE04EC0-301F-11D3-BF4B-00C04F79EFBC}") = "PsdPlugin", "PsdPlugin.csproj", "{57CA3B1C-8118-96BC-D3DA-2FA56C456B4D}"
EndProject
Project("{FAE04EC0-301F-11D3-BF4B-00C04F79EFBC}") = "CFXRRuntime", "CFXRRuntime.csproj", "{2FD9008A-9C77-081E-BE71-C0FDE0936449}"
EndProject
Project("{FAE04EC0-301F-11D3-BF4B-00C04F79EFBC}") = "Unity.Burst", "Unity.Burst.csproj", "{2EF9A78C-9718-B585-91E5-AF4D5CC26430}"
EndProject
Project("{FAE04EC0-301F-11D3-BF4B-00C04F79EFBC}") = "UnityEngine.UI", "UnityEngine.UI.csproj", "{FAD41C9E-8114-7ADE-FFBB-B4D598001C1B}"
EndProject
Project("{FAE04EC0-301F-11D3-BF4B-00C04F79EFBC}") = "Unity.ProBuilder.Csg", "Unity.ProBuilder.Csg.csproj", "{3B03D24F-9C55-A56E-EDCC-29AFFCF1CAFE}"
EndProject
Project("{FAE04EC0-301F-11D3-BF4B-00C04F79EFBC}") = "Unity.2D.SpriteShape.Editor", "Unity.2D.SpriteShape.Editor.csproj", "{15E1A73B-EE7A-7835-5ABC-6A065A0F455C}"
EndProject
Project("{FAE04EC0-301F-11D3-BF4B-00C04F79EFBC}") = "Unity.Collections", "Unity.Collections.csproj", "{FEBA8D47-C107-0404-CBB9-A61F640E8AB1}"
EndProject
Project("{FAE04EC0-301F-11D3-BF4B-00C04F79EFBC}") = "Unity.VisualStudio.Editor", "Unity.VisualStudio.Editor.csproj", "{46A56913-CCFD-C61A-A8D2-5B5F3C193811}"
EndProject
Project("{FAE04EC0-301F-11D3-BF4B-00C04F79EFBC}") = "Unity.2D.Tilemap.Extras.Editor", "Unity.2D.Tilemap.Extras.Editor.csproj", "{CD9C9478-B3E7-02F9-53B1-752C0085729A}"
EndProject
Project("{FAE04EC0-301F-11D3-BF4B-00C04F79EFBC}") = "Unity.TestTools.CodeCoverage.Editor.OpenCover.Model", "Unity.TestTools.CodeCoverage.Editor.OpenCover.Model.csproj", "{3C715AD5-613D-C276-B81C-10AC0332F392}"
EndProject
Project("{FAE04EC0-301F-11D3-BF4B-00C04F79EFBC}") = "Unity.Rider.Editor", "Unity.Rider.Editor.csproj", "{CEB449B4-2E3A-B01B-D1C8-018CF15BA6ED}"
EndProject
Project("{FAE04EC0-301F-11D3-BF4B-00C04F79EFBC}") = "Unity.InternalAPIEditorBridge.001", "Unity.InternalAPIEditorBridge.001.csproj", "{F6B423D1-3765-0B9A-3454-3309BA671470}"
EndProject
Project("{FAE04EC0-301F-11D3-BF4B-00C04F79EFBC}") = "Unity.2D.SpriteShape.Runtime", "Unity.2D.SpriteShape.Runtime.csproj", "{9A9162D5-17C0-77BC-7247-03B4A361A12B}"
EndProject
Project("{FAE04EC0-301F-11D3-BF4B-00C04F79EFBC}") = "Unity.VisualScripting.State.Editor", "Unity.VisualScripting.State.Editor.csproj", "{29E8D608-509C-B0AF-5EC8-8B143AAEC76E}"
EndProject
Project("{FAE04EC0-301F-11D3-BF4B-00C04F79EFBC}") = "Unity.2D.Animation.Runtime", "Unity.2D.Animation.Runtime.csproj", "{73F52B93-691B-9672-D890-206706232D02}"
EndProject
Project("{FAE04EC0-301F-11D3-BF4B-00C04F79EFBC}") = "Unity.TestTools.CodeCoverage.Editor", "Unity.TestTools.CodeCoverage.Editor.csproj", "{7A58BB6E-4665-F3B5-77AB-72C2702FEC83}"
EndProject
Project("{FAE04EC0-301F-11D3-BF4B-00C04F79EFBC}") = "Unity.Burst.CodeGen", "Unity.Burst.CodeGen.csproj", "{66E4A67A-ACA4-0B30-C19B-5725C046E7BA}"
EndProject
Project("{FAE04EC0-301F-11D3-BF4B-00C04F79EFBC}") = "Unity.CollabProxy.Editor", "Unity.CollabProxy.Editor.csproj", "{4C41B038-FBE7-39F0-758B-8926C2BC93A6}"
EndProject
Project("{FAE04EC0-301F-11D3-BF4B-00C04F79EFBC}") = "Unity.2D.Tilemap.Extras", "Unity.2D.Tilemap.Extras.csproj", "{5F5FEDBF-6409-FEFE-7C12-7424A2761E71}"
EndProject
Project("{FAE04EC0-301F-11D3-BF4B-00C04F79EFBC}") = "Unity.VisualScripting.State", "Unity.VisualScripting.State.csproj", "{C062034D-A293-C016-F8C9-9FC980E41F87}"
EndProject
Project("{FAE04EC0-301F-11D3-BF4B-00C04F79EFBC}") = "Unity.TextMeshPro", "Unity.TextMeshPro.csproj", "{58E0649C-FC7E-9FB1-2906-4E305215FABF}"
EndProject
Project("{FAE04EC0-301F-11D3-BF4B-00C04F79EFBC}") = "Unity.Performance.Profile-Analyzer.Editor", "Unity.Performance.Profile-Analyzer.Editor.csproj", "{44AFD142-A00E-48C3-305F-1742786E55B6}"
EndProject
Project("{FAE04EC0-301F-11D3-BF4B-00C04F79EFBC}") = "Unity.2D.Aseprite.Common", "Unity.2D.Aseprite.Common.csproj", "{90DCBECF-67CC-9036-00B7-141D520980F7}"
EndProject
Project("{FAE04EC0-301F-11D3-BF4B-00C04F79EFBC}") = "Unity.VSCode.Editor", "Unity.VSCode.Editor.csproj", "{37652EF0-8245-816C-FA6D-B29D2551D456}"
EndProject
Project("{FAE04EC0-301F-11D3-BF4B-00C04F79EFBC}") = "Unity.2D.IK.Editor", "Unity.2D.IK.Editor.csproj", "{8309BF0B-3C8B-6EAF-71CF-53CBA641C44B}"
EndProject
Project("{FAE04EC0-301F-11D3-BF4B-00C04F79EFBC}") = "Unity.InternalAPIEngineBridge.001", "Unity.InternalAPIEngineBridge.001.csproj", "{677DECDF-0969-1749-B2D6-2A5464C6D6DD}"
EndProject
Project("{FAE04EC0-301F-11D3-BF4B-00C04F79EFBC}") = "Unity.Burst.Editor", "Unity.Burst.Editor.csproj", "{BB04BD48-64A1-DA5B-4EFA-EDDEBA84C464}"
EndProject
Project("{FAE04EC0-301F-11D3-BF4B-00C04F79EFBC}") = "Unity.TestTools.CodeCoverage.Editor.OpenCover.Mono.Reflection", "Unity.TestTools.CodeCoverage.Editor.OpenCover.Mono.Reflection.csproj", "{491CA01D-2A85-9D0E-B0E7-2E608AE5EEDD}"
EndProject
Project("{FAE04EC0-301F-11D3-BF4B-00C04F79EFBC}") = "Unity.2D.Common.Editor", "Unity.2D.Common.Editor.csproj", "{7537632F-0219-0D66-4714-EACBC24024E6}"
EndProject
Project("{FAE04EC0-301F-11D3-BF4B-00C04F79EFBC}") = "Unity.2D.Sprite.Editor", "Unity.2D.Sprite.Editor.csproj", "{F273C6DC-9D44-5473-096F-41D89046AF6E}"
EndProject
Project("{FAE04EC0-301F-11D3-BF4B-00C04F79EFBC}") = "Unity.ProBuilder.Stl", "Unity.ProBuilder.Stl.csproj", "{61ADDF53-4801-23A0-931C-BB0FD50682E0}"
EndProject
Project("{FAE04EC0-301F-11D3-BF4B-00C04F79EFBC}") = "Unity.Settings.Editor", "Unity.Settings.Editor.csproj", "{8790DEA4-4BA4-5DEE-6FCC-B911FCD339A0}"
EndProject
Project("{FAE04EC0-301F-11D3-BF4B-00C04F79EFBC}") = "Unity.2D.PixelPerfect", "Unity.2D.PixelPerfect.csproj", "{D56DB5A7-548B-DAF1-A58B-7C942B03F72D}"
EndProject
Project("{FAE04EC0-301F-11D3-BF4B-00C04F79EFBC}") = "Unity.2D.PixelPerfect.Editor", "Unity.2D.PixelPerfect.Editor.csproj", "{5D7470EE-4C30-D5FD-0147-64820B99D93B}"
EndProject
Project("{FAE04EC0-301F-11D3-BF4B-00C04F79EFBC}") = "Unity.ProBuilder.AssetIdRemapUtility", "Unity.ProBuilder.AssetIdRemapUtility.csproj", "{35E58420-0586-2621-4752-2B8988986043}"
EndProject
Project("{FAE04EC0-301F-11D3-BF4B-00C04F79EFBC}") = "Unity.2D.Common.Runtime", "Unity.2D.Common.Runtime.csproj", "{2B9104A9-F904-0F66-232B-34CB06928011}"
EndProject
Project("{FAE04EC0-301F-11D3-BF4B-00C04F79EFBC}") = "Assembly-CSharp", "Assembly-CSharp.csproj", "{793867B7-CF3B-D77D-3E90-3211AA357D6D}"
EndProject
Project("{FAE04EC0-301F-11D3-BF4B-00C04F79EFBC}") = "Unity.ProBuilder.KdTree", "Unity.ProBuilder.KdTree.csproj", "{FD908F7A-FD81-C612-9F3D-D35DAF2D4697}"
EndProject
Project("{FAE04EC0-301F-11D3-BF4B-00C04F79EFBC}") = "Unity.ProBuilder.AddOns.Editor", "Unity.ProBuilder.AddOns.Editor.csproj", "{363307A5-7F29-5DAB-7492-84A541C41663}"
EndProject
Project("{FAE04EC0-301F-11D3-BF4B-00C04F79EFBC}") = "Unity.EditorCoroutines.Editor", "Unity.EditorCoroutines.Editor.csproj", "{5C92A96A-133E-8CB3-244F-47692A44E53E}"
EndProject
Project("{FAE04EC0-301F-11D3-BF4B-00C04F79EFBC}") = "Unity.Mathematics.Editor", "Unity.Mathematics.Editor.csproj", "{A4A7AB4F-7750-46BA-B0E6-E742E939D334}"
EndProject
Project("{FAE04EC0-301F-11D3-BF4B-00C04F79EFBC}") = "Unity.Collections.BurstCompatibilityGen", "Unity.Collections.BurstCompatibilityGen.csproj", "{A60E1061-00AE-E817-EA0E-49FF15241306}"
EndProject
Project("{FAE04EC0-301F-11D3-BF4B-00C04F79EFBC}") = "Unity.VisualScripting.Shared.Editor", "Unity.VisualScripting.Shared.Editor.csproj", "{D15FAC55-09C0-9A07-EF49-8B8CDF8001E0}"
EndProject
Project("{FAE04EC0-301F-11D3-BF4B-00C04F79EFBC}") = "Unity.Collections.DocCodeSamples", "Unity.Collections.DocCodeSamples.csproj", "{EC75CA60-6A9A-D2A7-9EBD-087FC47D2644}"
EndProject
Project("{FAE04EC0-301F-11D3-BF4B-00C04F79EFBC}") = "Unity.PlasticSCM.Editor.Entities", "Unity.PlasticSCM.Editor.Entities.csproj", "{43648DC5-E175-5EB9-504D-1C439772F799}"
EndProject
Project("{FAE04EC0-301F-11D3-BF4B-00C04F79EFBC}") = "Unity.Timeline", "Unity.Timeline.Player.csproj", "{D8728A96-DE3F-564B-3C0F-5FB768BE44D9}"
EndProject
Project("{FAE04EC0-301F-11D3-BF4B-00C04F79EFBC}") = "Unity.VisualScripting.Flow", "Unity.VisualScripting.Flow.Player.csproj", "{B26C80EB-3922-5BCD-672C-A8C847256D7D}"
EndProject
Project("{FAE04EC0-301F-11D3-BF4B-00C04F79EFBC}") = "Unity.ProBuilder", "Unity.ProBuilder.Player.csproj", "{5FCE1D08-1CA0-99B8-BFD3-245213DFD015}"
EndProject
Project("{FAE04EC0-301F-11D3-BF4B-00C04F79EFBC}") = "Unity.VisualScripting.Core", "Unity.VisualScripting.Core.Player.csproj", "{B6D5DA7A-83DE-5E2C-9EEB-C59208838540}"
EndProject
Project("{FAE04EC0-301F-11D3-BF4B-00C04F79EFBC}") = "Unity.Mathematics", "Unity.Mathematics.Player.csproj", "{6767883F-AD29-75B3-2E4A-8A533A1C5556}"
EndProject
Project("{FAE04EC0-301F-11D3-BF4B-00C04F79EFBC}") = "Unity.2D.IK.Runtime", "Unity.2D.IK.Runtime.Player.csproj", "{B67B5B61-C182-A30A-3923-D9C2981D3E80}"
EndProject
Project("{FAE04EC0-301F-11D3-BF4B-00C04F79EFBC}") = "Unity.ProBuilder.Poly2Tri", "Unity.ProBuilder.Poly2Tri.Player.csproj", "{42B66BF3-08F8-FD08-FF33-36759E9B5DFD}"
EndProject
Project("{FAE04EC0-301F-11D3-BF4B-00C04F79EFBC}") = "UnityEngine.TestRunner", "UnityEngine.TestRunner.Player.csproj", "{7C7D31B5-58A8-721E-E6B7-395F43C636DB}"
EndProject
Project("{FAE04EC0-301F-11D3-BF4B-00C04F79EFBC}") = "CFXRRuntime", "CFXRRuntime.Player.csproj", "{8AA43AA2-2855-0D8B-3A81-220E73023954}"
EndProject
Project("{FAE04EC0-301F-11D3-BF4B-00C04F79EFBC}") = "Unity.Burst", "Unity.Burst.Player.csproj", "{30DDCB15-3BEC-5878-EE7C-A6E4CE594038}"
EndProject
Project("{FAE04EC0-301F-11D3-BF4B-00C04F79EFBC}") = "UnityEngine.UI", "UnityEngine.UI.Player.csproj", "{45093D62-046D-09B4-7434-9EF85E6F00CF}"
EndProject
Project("{FAE04EC0-301F-11D3-BF4B-00C04F79EFBC}") = "Unity.ProBuilder.Csg", "Unity.ProBuilder.Csg.Player.csproj", "{DD0336D9-9C36-B376-8C27-F3CFFFEF2C87}"
EndProject
Project("{FAE04EC0-301F-11D3-BF4B-00C04F79EFBC}") = "Unity.Collections", "Unity.Collections.Player.csproj", "{E347FDB1-41B5-84CE-F3F0-52BB01426B19}"
EndProject
Project("{FAE04EC0-301F-11D3-BF4B-00C04F79EFBC}") = "Unity.2D.SpriteShape.Runtime", "Unity.2D.SpriteShape.Runtime.Player.csproj", "{5D39F19E-B3C1-4901-056A-DBC5A712AC2F}"
EndProject
Project("{FAE04EC0-301F-11D3-BF4B-00C04F79EFBC}") = "Unity.2D.Animation.Runtime", "Unity.2D.Animation.Runtime.Player.csproj", "{9D2BCD22-2698-B70B-7A1F-C3D42C166891}"
EndProject
Project("{FAE04EC0-301F-11D3-BF4B-00C04F79EFBC}") = "Unity.2D.Tilemap.Extras", "Unity.2D.Tilemap.Extras.Player.csproj", "{C4E55167-4F33-E1B5-F1BC-2FD487FE866F}"
EndProject
Project("{FAE04EC0-301F-11D3-BF4B-00C04F79EFBC}") = "Unity.VisualScripting.State", "Unity.VisualScripting.State.Player.csproj", "{994BE6A7-3C2F-552B-7D08-CDB30E29E04E}"
EndProject
Project("{FAE04EC0-301F-11D3-BF4B-00C04F79EFBC}") = "Unity.TextMeshPro", "Unity.TextMeshPro.Player.csproj", "{5D1E6397-7022-DD0E-613C-3345AC94D014}"
EndProject
Project("{FAE04EC0-301F-11D3-BF4B-00C04F79EFBC}") = "Unity.InternalAPIEngineBridge.001", "Unity.InternalAPIEngineBridge.001.Player.csproj", "{805FFB32-EF6C-0680-7D02-E17D50E9E18C}"
EndProject
Project("{FAE04EC0-301F-11D3-BF4B-00C04F79EFBC}") = "Unity.ProBuilder.Stl", "Unity.ProBuilder.Stl.Player.csproj", "{01C706F8-6942-3E1D-097C-BE491BDD74DB}"
EndProject
Project("{FAE04EC0-301F-11D3-BF4B-00C04F79EFBC}") = "Unity.2D.PixelPerfect", "Unity.2D.PixelPerfect.Player.csproj", "{EF585E86-A991-9ECC-6856-8F50285639AC}"
EndProject
Project("{FAE04EC0-301F-11D3-BF4B-00C04F79EFBC}") = "Unity.2D.Common.Runtime", "Unity.2D.Common.Runtime.Player.csproj", "{0FAB2912-F53A-5366-20E2-615A7D3EE513}"
EndProject
Project("{FAE04EC0-301F-11D3-BF4B-00C04F79EFBC}") = "Assembly-CSharp", "Assembly-CSharp.Player.csproj", "{2698ADEF-C1FB-56C7-5782-7BBBCBEF920D}"
EndProject
Project("{FAE04EC0-301F-11D3-BF4B-00C04F79EFBC}") = "Unity.ProBuilder.KdTree", "Unity.ProBuilder.KdTree.Player.csproj", "{08E93060-52C8-9C0C-F163-9F714B5935AC}"
EndProject
Global
	GlobalSection(SolutionConfigurationPlatforms) = preSolution
		Debug|Any CPU = Debug|Any CPU
		Release|Any CPU = Release|Any CPU
	EndGlobalSection
	GlobalSection(ProjectConfigurationPlatforms) = postSolution
		{B49DB728-C067-41CF-CAAE-68904D51AAD2}.Debug|Any CPU.ActiveCfg = Debug|Any CPU
		{B49DB728-C067-41CF-CAAE-68904D51AAD2}.Debug|Any CPU.Build.0 = Debug|Any CPU
		{B49DB728-C067-41CF-CAAE-68904D51AAD2}.Release|Any CPU.ActiveCfg = Release|Any CPU
		{B49DB728-C067-41CF-CAAE-68904D51AAD2}.Release|Any CPU.Build.0 = Release|Any CPU
		{2239FCC2-CE27-6E06-46D8-AFBD93232E80}.Debug|Any CPU.ActiveCfg = Debug|Any CPU
		{2239FCC2-CE27-6E06-46D8-AFBD93232E80}.Debug|Any CPU.Build.0 = Debug|Any CPU
		{2239FCC2-CE27-6E06-46D8-AFBD93232E80}.Release|Any CPU.ActiveCfg = Release|Any CPU
		{2239FCC2-CE27-6E06-46D8-AFBD93232E80}.Release|Any CPU.Build.0 = Release|Any CPU
		{8C8B0884-8691-A172-A589-035825ACFBD1}.Debug|Any CPU.ActiveCfg = Debug|Any CPU
		{8C8B0884-8691-A172-A589-035825ACFBD1}.Debug|Any CPU.Build.0 = Debug|Any CPU
		{8C8B0884-8691-A172-A589-035825ACFBD1}.Release|Any CPU.ActiveCfg = Release|Any CPU
		{8C8B0884-8691-A172-A589-035825ACFBD1}.Release|Any CPU.Build.0 = Release|Any CPU
		{E9CD3535-93CB-C431-D813-8B5657AAB56C}.Debug|Any CPU.ActiveCfg = Debug|Any CPU
		{E9CD3535-93CB-C431-D813-8B5657AAB56C}.Debug|Any CPU.Build.0 = Debug|Any CPU
		{E9CD3535-93CB-C431-D813-8B5657AAB56C}.Release|Any CPU.ActiveCfg = Release|Any CPU
		{E9CD3535-93CB-C431-D813-8B5657AAB56C}.Release|Any CPU.Build.0 = Release|Any CPU
		{4CBC8FA6-28B6-0ED8-F608-9F4F2F3F4A85}.Debug|Any CPU.ActiveCfg = Debug|Any CPU
		{4CBC8FA6-28B6-0ED8-F608-9F4F2F3F4A85}.Debug|Any CPU.Build.0 = Debug|Any CPU
		{4CBC8FA6-28B6-0ED8-F608-9F4F2F3F4A85}.Release|Any CPU.ActiveCfg = Release|Any CPU
		{4CBC8FA6-28B6-0ED8-F608-9F4F2F3F4A85}.Release|Any CPU.Build.0 = Release|Any CPU
		{FFA476ED-B272-2C76-0BFF-957283978E08}.Debug|Any CPU.ActiveCfg = Debug|Any CPU
		{FFA476ED-B272-2C76-0BFF-957283978E08}.Debug|Any CPU.Build.0 = Debug|Any CPU
		{FFA476ED-B272-2C76-0BFF-957283978E08}.Release|Any CPU.ActiveCfg = Release|Any CPU
		{FFA476ED-B272-2C76-0BFF-957283978E08}.Release|Any CPU.Build.0 = Release|Any CPU
		{15480E1B-9AE4-CF7A-E411-5664874366CB}.Debug|Any CPU.ActiveCfg = Debug|Any CPU
		{15480E1B-9AE4-CF7A-E411-5664874366CB}.Debug|Any CPU.Build.0 = Debug|Any CPU
		{15480E1B-9AE4-CF7A-E411-5664874366CB}.Release|Any CPU.ActiveCfg = Release|Any CPU
		{15480E1B-9AE4-CF7A-E411-5664874366CB}.Release|Any CPU.Build.0 = Release|Any CPU
		{118D52AD-A26A-6662-EAB9-53B5F3F1E5C4}.Debug|Any CPU.ActiveCfg = Debug|Any CPU
		{118D52AD-A26A-6662-EAB9-53B5F3F1E5C4}.Debug|Any CPU.Build.0 = Debug|Any CPU
		{118D52AD-A26A-6662-EAB9-53B5F3F1E5C4}.Release|Any CPU.ActiveCfg = Release|Any CPU
		{118D52AD-A26A-6662-EAB9-53B5F3F1E5C4}.Release|Any CPU.Build.0 = Release|Any CPU
		{20B202E0-55E4-342B-045A-33616E4EFF91}.Debug|Any CPU.ActiveCfg = Debug|Any CPU
		{20B202E0-55E4-342B-045A-33616E4EFF91}.Debug|Any CPU.Build.0 = Debug|Any CPU
		{20B202E0-55E4-342B-045A-33616E4EFF91}.Release|Any CPU.ActiveCfg = Release|Any CPU
		{20B202E0-55E4-342B-045A-33616E4EFF91}.Release|Any CPU.Build.0 = Release|Any CPU
		{05AF764C-6A9B-E857-DCFB-646DA7A442FE}.Debug|Any CPU.ActiveCfg = Debug|Any CPU
		{05AF764C-6A9B-E857-DCFB-646DA7A442FE}.Debug|Any CPU.Build.0 = Debug|Any CPU
		{05AF764C-6A9B-E857-DCFB-646DA7A442FE}.Release|Any CPU.ActiveCfg = Release|Any CPU
		{05AF764C-6A9B-E857-DCFB-646DA7A442FE}.Release|Any CPU.Build.0 = Release|Any CPU
		{F3B98E7A-1435-00E7-679E-5E39B4D9B6C0}.Debug|Any CPU.ActiveCfg = Debug|Any CPU
		{F3B98E7A-1435-00E7-679E-5E39B4D9B6C0}.Debug|Any CPU.Build.0 = Debug|Any CPU
		{F3B98E7A-1435-00E7-679E-5E39B4D9B6C0}.Release|Any CPU.ActiveCfg = Release|Any CPU
		{F3B98E7A-1435-00E7-679E-5E39B4D9B6C0}.Release|Any CPU.Build.0 = Release|Any CPU
		{CE920D29-B3C2-A2B3-CE8F-B3BEEBF93D82}.Debug|Any CPU.ActiveCfg = Debug|Any CPU
		{CE920D29-B3C2-A2B3-CE8F-B3BEEBF93D82}.Debug|Any CPU.Build.0 = Debug|Any CPU
		{CE920D29-B3C2-A2B3-CE8F-B3BEEBF93D82}.Release|Any CPU.ActiveCfg = Release|Any CPU
		{CE920D29-B3C2-A2B3-CE8F-B3BEEBF93D82}.Release|Any CPU.Build.0 = Release|Any CPU
		{A1C41B46-6A2B-00E9-1D60-401ED3244040}.Debug|Any CPU.ActiveCfg = Debug|Any CPU
		{A1C41B46-6A2B-00E9-1D60-401ED3244040}.Debug|Any CPU.Build.0 = Debug|Any CPU
		{A1C41B46-6A2B-00E9-1D60-401ED3244040}.Release|Any CPU.ActiveCfg = Release|Any CPU
		{A1C41B46-6A2B-00E9-1D60-401ED3244040}.Release|Any CPU.Build.0 = Release|Any CPU
		{7EDBD9F4-78CE-FB2C-4E6D-618B1BA97D29}.Debug|Any CPU.ActiveCfg = Debug|Any CPU
		{7EDBD9F4-78CE-FB2C-4E6D-618B1BA97D29}.Debug|Any CPU.Build.0 = Debug|Any CPU
		{7EDBD9F4-78CE-FB2C-4E6D-618B1BA97D29}.Release|Any CPU.ActiveCfg = Release|Any CPU
		{7EDBD9F4-78CE-FB2C-4E6D-618B1BA97D29}.Release|Any CPU.Build.0 = Release|Any CPU
		{9C6A18A0-27D7-F10D-94DE-68AFA977609E}.Debug|Any CPU.ActiveCfg = Debug|Any CPU
		{9C6A18A0-27D7-F10D-94DE-68AFA977609E}.Debug|Any CPU.Build.0 = Debug|Any CPU
		{9C6A18A0-27D7-F10D-94DE-68AFA977609E}.Release|Any CPU.ActiveCfg = Release|Any CPU
		{9C6A18A0-27D7-F10D-94DE-68AFA977609E}.Release|Any CPU.Build.0 = Release|Any CPU
		{8090DEB4-1744-5524-9A5D-2900B1A165F1}.Debug|Any CPU.ActiveCfg = Debug|Any CPU
		{8090DEB4-1744-5524-9A5D-2900B1A165F1}.Debug|Any CPU.Build.0 = Debug|Any CPU
		{8090DEB4-1744-5524-9A5D-2900B1A165F1}.Release|Any CPU.ActiveCfg = Release|Any CPU
		{8090DEB4-1744-5524-9A5D-2900B1A165F1}.Release|Any CPU.Build.0 = Release|Any CPU
		{F63D9415-B533-FCB6-217E-183CD586C2AA}.Debug|Any CPU.ActiveCfg = Debug|Any CPU
		{F63D9415-B533-FCB6-217E-183CD586C2AA}.Debug|Any CPU.Build.0 = Debug|Any CPU
		{F63D9415-B533-FCB6-217E-183CD586C2AA}.Release|Any CPU.ActiveCfg = Release|Any CPU
		{F63D9415-B533-FCB6-217E-183CD586C2AA}.Release|Any CPU.Build.0 = Release|Any CPU
		{27B9DF21-7BB8-98EF-3501-CEFE8B76D1BE}.Debug|Any CPU.ActiveCfg = Debug|Any CPU
		{27B9DF21-7BB8-98EF-3501-CEFE8B76D1BE}.Debug|Any CPU.Build.0 = Debug|Any CPU
		{27B9DF21-7BB8-98EF-3501-CEFE8B76D1BE}.Release|Any CPU.ActiveCfg = Release|Any CPU
		{27B9DF21-7BB8-98EF-3501-CEFE8B76D1BE}.Release|Any CPU.Build.0 = Release|Any CPU
		{6A59B9CA-9E74-CA3D-2E03-236B4C7E3516}.Debug|Any CPU.ActiveCfg = Debug|Any CPU
		{6A59B9CA-9E74-CA3D-2E03-236B4C7E3516}.Debug|Any CPU.Build.0 = Debug|Any CPU
		{6A59B9CA-9E74-CA3D-2E03-236B4C7E3516}.Release|Any CPU.ActiveCfg = Release|Any CPU
		{6A59B9CA-9E74-CA3D-2E03-236B4C7E3516}.Release|Any CPU.Build.0 = Release|Any CPU
		{077E57D4-F832-17BB-77D2-9E56342CDE74}.Debug|Any CPU.ActiveCfg = Debug|Any CPU
		{077E57D4-F832-17BB-77D2-9E56342CDE74}.Debug|Any CPU.Build.0 = Debug|Any CPU
		{077E57D4-F832-17BB-77D2-9E56342CDE74}.Release|Any CPU.ActiveCfg = Release|Any CPU
		{077E57D4-F832-17BB-77D2-9E56342CDE74}.Release|Any CPU.Build.0 = Release|Any CPU
		{D7ECD83C-3CD9-DEBA-42E5-6E44A1179D90}.Debug|Any CPU.ActiveCfg = Debug|Any CPU
		{D7ECD83C-3CD9-DEBA-42E5-6E44A1179D90}.Debug|Any CPU.Build.0 = Debug|Any CPU
		{D7ECD83C-3CD9-DEBA-42E5-6E44A1179D90}.Release|Any CPU.ActiveCfg = Release|Any CPU
		{D7ECD83C-3CD9-DEBA-42E5-6E44A1179D90}.Release|Any CPU.Build.0 = Release|Any CPU
		{344B57BE-E544-C950-5270-CDA9C5116620}.Debug|Any CPU.ActiveCfg = Debug|Any CPU
		{344B57BE-E544-C950-5270-CDA9C5116620}.Debug|Any CPU.Build.0 = Debug|Any CPU
		{344B57BE-E544-C950-5270-CDA9C5116620}.Release|Any CPU.ActiveCfg = Release|Any CPU
		{344B57BE-E544-C950-5270-CDA9C5116620}.Release|Any CPU.Build.0 = Release|Any CPU
		{C4390CF4-6EF9-E9AD-764F-07FE2C94E3F1}.Debug|Any CPU.ActiveCfg = Debug|Any CPU
		{C4390CF4-6EF9-E9AD-764F-07FE2C94E3F1}.Debug|Any CPU.Build.0 = Debug|Any CPU
		{C4390CF4-6EF9-E9AD-764F-07FE2C94E3F1}.Release|Any CPU.ActiveCfg = Release|Any CPU
		{C4390CF4-6EF9-E9AD-764F-07FE2C94E3F1}.Release|Any CPU.Build.0 = Release|Any CPU
		{57CA3B1C-8118-96BC-D3DA-2FA56C456B4D}.Debug|Any CPU.ActiveCfg = Debug|Any CPU
		{57CA3B1C-8118-96BC-D3DA-2FA56C456B4D}.Debug|Any CPU.Build.0 = Debug|Any CPU
		{57CA3B1C-8118-96BC-D3DA-2FA56C456B4D}.Release|Any CPU.ActiveCfg = Release|Any CPU
		{57CA3B1C-8118-96BC-D3DA-2FA56C456B4D}.Release|Any CPU.Build.0 = Release|Any CPU
		{2FD9008A-9C77-081E-BE71-C0FDE0936449}.Debug|Any CPU.ActiveCfg = Debug|Any CPU
		{2FD9008A-9C77-081E-BE71-C0FDE0936449}.Debug|Any CPU.Build.0 = Debug|Any CPU
		{2FD9008A-9C77-081E-BE71-C0FDE0936449}.Release|Any CPU.ActiveCfg = Release|Any CPU
		{2FD9008A-9C77-081E-BE71-C0FDE0936449}.Release|Any CPU.Build.0 = Release|Any CPU
		{2EF9A78C-9718-B585-91E5-AF4D5CC26430}.Debug|Any CPU.ActiveCfg = Debug|Any CPU
		{2EF9A78C-9718-B585-91E5-AF4D5CC26430}.Debug|Any CPU.Build.0 = Debug|Any CPU
		{2EF9A78C-9718-B585-91E5-AF4D5CC26430}.Release|Any CPU.ActiveCfg = Release|Any CPU
		{2EF9A78C-9718-B585-91E5-AF4D5CC26430}.Release|Any CPU.Build.0 = Release|Any CPU
		{FAD41C9E-8114-7ADE-FFBB-B4D598001C1B}.Debug|Any CPU.ActiveCfg = Debug|Any CPU
		{FAD41C9E-8114-7ADE-FFBB-B4D598001C1B}.Debug|Any CPU.Build.0 = Debug|Any CPU
		{FAD41C9E-8114-7ADE-FFBB-B4D598001C1B}.Release|Any CPU.ActiveCfg = Release|Any CPU
		{FAD41C9E-8114-7ADE-FFBB-B4D598001C1B}.Release|Any CPU.Build.0 = Release|Any CPU
		{3B03D24F-9C55-A56E-EDCC-29AFFCF1CAFE}.Debug|Any CPU.ActiveCfg = Debug|Any CPU
		{3B03D24F-9C55-A56E-EDCC-29AFFCF1CAFE}.Debug|Any CPU.Build.0 = Debug|Any CPU
		{3B03D24F-9C55-A56E-EDCC-29AFFCF1CAFE}.Release|Any CPU.ActiveCfg = Release|Any CPU
		{3B03D24F-9C55-A56E-EDCC-29AFFCF1CAFE}.Release|Any CPU.Build.0 = Release|Any CPU
		{15E1A73B-EE7A-7835-5ABC-6A065A0F455C}.Debug|Any CPU.ActiveCfg = Debug|Any CPU
		{15E1A73B-EE7A-7835-5ABC-6A065A0F455C}.Debug|Any CPU.Build.0 = Debug|Any CPU
		{15E1A73B-EE7A-7835-5ABC-6A065A0F455C}.Release|Any CPU.ActiveCfg = Release|Any CPU
		{15E1A73B-EE7A-7835-5ABC-6A065A0F455C}.Release|Any CPU.Build.0 = Release|Any CPU
		{FEBA8D47-C107-0404-CBB9-A61F640E8AB1}.Debug|Any CPU.ActiveCfg = Debug|Any CPU
		{FEBA8D47-C107-0404-CBB9-A61F640E8AB1}.Debug|Any CPU.Build.0 = Debug|Any CPU
		{FEBA8D47-C107-0404-CBB9-A61F640E8AB1}.Release|Any CPU.ActiveCfg = Release|Any CPU
		{FEBA8D47-C107-0404-CBB9-A61F640E8AB1}.Release|Any CPU.Build.0 = Release|Any CPU
		{46A56913-CCFD-C61A-A8D2-5B5F3C193811}.Debug|Any CPU.ActiveCfg = Debug|Any CPU
		{46A56913-CCFD-C61A-A8D2-5B5F3C193811}.Debug|Any CPU.Build.0 = Debug|Any CPU
		{46A56913-CCFD-C61A-A8D2-5B5F3C193811}.Release|Any CPU.ActiveCfg = Release|Any CPU
		{46A56913-CCFD-C61A-A8D2-5B5F3C193811}.Release|Any CPU.Build.0 = Release|Any CPU
		{CD9C9478-B3E7-02F9-53B1-752C0085729A}.Debug|Any CPU.ActiveCfg = Debug|Any CPU
		{CD9C9478-B3E7-02F9-53B1-752C0085729A}.Debug|Any CPU.Build.0 = Debug|Any CPU
		{CD9C9478-B3E7-02F9-53B1-752C0085729A}.Release|Any CPU.ActiveCfg = Release|Any CPU
		{CD9C9478-B3E7-02F9-53B1-752C0085729A}.Release|Any CPU.Build.0 = Release|Any CPU
		{3C715AD5-613D-C276-B81C-10AC0332F392}.Debug|Any CPU.ActiveCfg = Debug|Any CPU
		{3C715AD5-613D-C276-B81C-10AC0332F392}.Debug|Any CPU.Build.0 = Debug|Any CPU
		{3C715AD5-613D-C276-B81C-10AC0332F392}.Release|Any CPU.ActiveCfg = Release|Any CPU
		{3C715AD5-613D-C276-B81C-10AC0332F392}.Release|Any CPU.Build.0 = Release|Any CPU
		{CEB449B4-2E3A-B01B-D1C8-018CF15BA6ED}.Debug|Any CPU.ActiveCfg = Debug|Any CPU
		{CEB449B4-2E3A-B01B-D1C8-018CF15BA6ED}.Debug|Any CPU.Build.0 = Debug|Any CPU
		{CEB449B4-2E3A-B01B-D1C8-018CF15BA6ED}.Release|Any CPU.ActiveCfg = Release|Any CPU
		{CEB449B4-2E3A-B01B-D1C8-018CF15BA6ED}.Release|Any CPU.Build.0 = Release|Any CPU
		{F6B423D1-3765-0B9A-3454-3309BA671470}.Debug|Any CPU.ActiveCfg = Debug|Any CPU
		{F6B423D1-3765-0B9A-3454-3309BA671470}.Debug|Any CPU.Build.0 = Debug|Any CPU
		{F6B423D1-3765-0B9A-3454-3309BA671470}.Release|Any CPU.ActiveCfg = Release|Any CPU
		{F6B423D1-3765-0B9A-3454-3309BA671470}.Release|Any CPU.Build.0 = Release|Any CPU
		{9A9162D5-17C0-77BC-7247-03B4A361A12B}.Debug|Any CPU.ActiveCfg = Debug|Any CPU
		{9A9162D5-17C0-77BC-7247-03B4A361A12B}.Debug|Any CPU.Build.0 = Debug|Any CPU
		{9A9162D5-17C0-77BC-7247-03B4A361A12B}.Release|Any CPU.ActiveCfg = Release|Any CPU
		{9A9162D5-17C0-77BC-7247-03B4A361A12B}.Release|Any CPU.Build.0 = Release|Any CPU
		{29E8D608-509C-B0AF-5EC8-8B143AAEC76E}.Debug|Any CPU.ActiveCfg = Debug|Any CPU
		{29E8D608-509C-B0AF-5EC8-8B143AAEC76E}.Debug|Any CPU.Build.0 = Debug|Any CPU
		{29E8D608-509C-B0AF-5EC8-8B143AAEC76E}.Release|Any CPU.ActiveCfg = Release|Any CPU
		{29E8D608-509C-B0AF-5EC8-8B143AAEC76E}.Release|Any CPU.Build.0 = Release|Any CPU
		{73F52B93-691B-9672-D890-206706232D02}.Debug|Any CPU.ActiveCfg = Debug|Any CPU
		{73F52B93-691B-9672-D890-206706232D02}.Debug|Any CPU.Build.0 = Debug|Any CPU
		{73F52B93-691B-9672-D890-206706232D02}.Release|Any CPU.ActiveCfg = Release|Any CPU
		{73F52B93-691B-9672-D890-206706232D02}.Release|Any CPU.Build.0 = Release|Any CPU
		{7A58BB6E-4665-F3B5-77AB-72C2702FEC83}.Debug|Any CPU.ActiveCfg = Debug|Any CPU
		{7A58BB6E-4665-F3B5-77AB-72C2702FEC83}.Debug|Any CPU.Build.0 = Debug|Any CPU
		{7A58BB6E-4665-F3B5-77AB-72C2702FEC83}.Release|Any CPU.ActiveCfg = Release|Any CPU
		{7A58BB6E-4665-F3B5-77AB-72C2702FEC83}.Release|Any CPU.Build.0 = Release|Any CPU
		{66E4A67A-ACA4-0B30-C19B-5725C046E7BA}.Debug|Any CPU.ActiveCfg = Debug|Any CPU
		{66E4A67A-ACA4-0B30-C19B-5725C046E7BA}.Debug|Any CPU.Build.0 = Debug|Any CPU
		{66E4A67A-ACA4-0B30-C19B-5725C046E7BA}.Release|Any CPU.ActiveCfg = Release|Any CPU
		{66E4A67A-ACA4-0B30-C19B-5725C046E7BA}.Release|Any CPU.Build.0 = Release|Any CPU
		{4C41B038-FBE7-39F0-758B-8926C2BC93A6}.Debug|Any CPU.ActiveCfg = Debug|Any CPU
		{4C41B038-FBE7-39F0-758B-8926C2BC93A6}.Debug|Any CPU.Build.0 = Debug|Any CPU
		{4C41B038-FBE7-39F0-758B-8926C2BC93A6}.Release|Any CPU.ActiveCfg = Release|Any CPU
		{4C41B038-FBE7-39F0-758B-8926C2BC93A6}.Release|Any CPU.Build.0 = Release|Any CPU
		{5F5FEDBF-6409-FEFE-7C12-7424A2761E71}.Debug|Any CPU.ActiveCfg = Debug|Any CPU
		{5F5FEDBF-6409-FEFE-7C12-7424A2761E71}.Debug|Any CPU.Build.0 = Debug|Any CPU
		{5F5FEDBF-6409-FEFE-7C12-7424A2761E71}.Release|Any CPU.ActiveCfg = Release|Any CPU
		{5F5FEDBF-6409-FEFE-7C12-7424A2761E71}.Release|Any CPU.Build.0 = Release|Any CPU
		{C062034D-A293-C016-F8C9-9FC980E41F87}.Debug|Any CPU.ActiveCfg = Debug|Any CPU
		{C062034D-A293-C016-F8C9-9FC980E41F87}.Debug|Any CPU.Build.0 = Debug|Any CPU
		{C062034D-A293-C016-F8C9-9FC980E41F87}.Release|Any CPU.ActiveCfg = Release|Any CPU
		{C062034D-A293-C016-F8C9-9FC980E41F87}.Release|Any CPU.Build.0 = Release|Any CPU
		{58E0649C-FC7E-9FB1-2906-4E305215FABF}.Debug|Any CPU.ActiveCfg = Debug|Any CPU
		{58E0649C-FC7E-9FB1-2906-4E305215FABF}.Debug|Any CPU.Build.0 = Debug|Any CPU
		{58E0649C-FC7E-9FB1-2906-4E305215FABF}.Release|Any CPU.ActiveCfg = Release|Any CPU
		{58E0649C-FC7E-9FB1-2906-4E305215FABF}.Release|Any CPU.Build.0 = Release|Any CPU
		{44AFD142-A00E-48C3-305F-1742786E55B6}.Debug|Any CPU.ActiveCfg = Debug|Any CPU
		{44AFD142-A00E-48C3-305F-1742786E55B6}.Debug|Any CPU.Build.0 = Debug|Any CPU
		{44AFD142-A00E-48C3-305F-1742786E55B6}.Release|Any CPU.ActiveCfg = Release|Any CPU
		{44AFD142-A00E-48C3-305F-1742786E55B6}.Release|Any CPU.Build.0 = Release|Any CPU
		{90DCBECF-67CC-9036-00B7-141D520980F7}.Debug|Any CPU.ActiveCfg = Debug|Any CPU
		{90DCBECF-67CC-9036-00B7-141D520980F7}.Debug|Any CPU.Build.0 = Debug|Any CPU
		{90DCBECF-67CC-9036-00B7-141D520980F7}.Release|Any CPU.ActiveCfg = Release|Any CPU
		{90DCBECF-67CC-9036-00B7-141D520980F7}.Release|Any CPU.Build.0 = Release|Any CPU
		{37652EF0-8245-816C-FA6D-B29D2551D456}.Debug|Any CPU.ActiveCfg = Debug|Any CPU
		{37652EF0-8245-816C-FA6D-B29D2551D456}.Debug|Any CPU.Build.0 = Debug|Any CPU
		{37652EF0-8245-816C-FA6D-B29D2551D456}.Release|Any CPU.ActiveCfg = Release|Any CPU
		{37652EF0-8245-816C-FA6D-B29D2551D456}.Release|Any CPU.Build.0 = Release|Any CPU
		{8309BF0B-3C8B-6EAF-71CF-53CBA641C44B}.Debug|Any CPU.ActiveCfg = Debug|Any CPU
		{8309BF0B-3C8B-6EAF-71CF-53CBA641C44B}.Debug|Any CPU.Build.0 = Debug|Any CPU
		{8309BF0B-3C8B-6EAF-71CF-53CBA641C44B}.Release|Any CPU.ActiveCfg = Release|Any CPU
		{8309BF0B-3C8B-6EAF-71CF-53CBA641C44B}.Release|Any CPU.Build.0 = Release|Any CPU
		{677DECDF-0969-1749-B2D6-2A5464C6D6DD}.Debug|Any CPU.ActiveCfg = Debug|Any CPU
		{677DECDF-0969-1749-B2D6-2A5464C6D6DD}.Debug|Any CPU.Build.0 = Debug|Any CPU
		{677DECDF-0969-1749-B2D6-2A5464C6D6DD}.Release|Any CPU.ActiveCfg = Release|Any CPU
		{677DECDF-0969-1749-B2D6-2A5464C6D6DD}.Release|Any CPU.Build.0 = Release|Any CPU
		{BB04BD48-64A1-DA5B-4EFA-EDDEBA84C464}.Debug|Any CPU.ActiveCfg = Debug|Any CPU
		{BB04BD48-64A1-DA5B-4EFA-EDDEBA84C464}.Debug|Any CPU.Build.0 = Debug|Any CPU
		{BB04BD48-64A1-DA5B-4EFA-EDDEBA84C464}.Release|Any CPU.ActiveCfg = Release|Any CPU
		{BB04BD48-64A1-DA5B-4EFA-EDDEBA84C464}.Release|Any CPU.Build.0 = Release|Any CPU
		{491CA01D-2A85-9D0E-B0E7-2E608AE5EEDD}.Debug|Any CPU.ActiveCfg = Debug|Any CPU
		{491CA01D-2A85-9D0E-B0E7-2E608AE5EEDD}.Debug|Any CPU.Build.0 = Debug|Any CPU
		{491CA01D-2A85-9D0E-B0E7-2E608AE5EEDD}.Release|Any CPU.ActiveCfg = Release|Any CPU
		{491CA01D-2A85-9D0E-B0E7-2E608AE5EEDD}.Release|Any CPU.Build.0 = Release|Any CPU
		{7537632F-0219-0D66-4714-EACBC24024E6}.Debug|Any CPU.ActiveCfg = Debug|Any CPU
		{7537632F-0219-0D66-4714-EACBC24024E6}.Debug|Any CPU.Build.0 = Debug|Any CPU
		{7537632F-0219-0D66-4714-EACBC24024E6}.Release|Any CPU.ActiveCfg = Release|Any CPU
		{7537632F-0219-0D66-4714-EACBC24024E6}.Release|Any CPU.Build.0 = Release|Any CPU
		{F273C6DC-9D44-5473-096F-41D89046AF6E}.Debug|Any CPU.ActiveCfg = Debug|Any CPU
		{F273C6DC-9D44-5473-096F-41D89046AF6E}.Debug|Any CPU.Build.0 = Debug|Any CPU
		{F273C6DC-9D44-5473-096F-41D89046AF6E}.Release|Any CPU.ActiveCfg = Release|Any CPU
		{F273C6DC-9D44-5473-096F-41D89046AF6E}.Release|Any CPU.Build.0 = Release|Any CPU
		{61ADDF53-4801-23A0-931C-BB0FD50682E0}.Debug|Any CPU.ActiveCfg = Debug|Any CPU
		{61ADDF53-4801-23A0-931C-BB0FD50682E0}.Debug|Any CPU.Build.0 = Debug|Any CPU
		{61ADDF53-4801-23A0-931C-BB0FD50682E0}.Release|Any CPU.ActiveCfg = Release|Any CPU
		{61ADDF53-4801-23A0-931C-BB0FD50682E0}.Release|Any CPU.Build.0 = Release|Any CPU
		{8790DEA4-4BA4-5DEE-6FCC-B911FCD339A0}.Debug|Any CPU.ActiveCfg = Debug|Any CPU
		{8790DEA4-4BA4-5DEE-6FCC-B911FCD339A0}.Debug|Any CPU.Build.0 = Debug|Any CPU
		{8790DEA4-4BA4-5DEE-6FCC-B911FCD339A0}.Release|Any CPU.ActiveCfg = Release|Any CPU
		{8790DEA4-4BA4-5DEE-6FCC-B911FCD339A0}.Release|Any CPU.Build.0 = Release|Any CPU
		{D56DB5A7-548B-DAF1-A58B-7C942B03F72D}.Debug|Any CPU.ActiveCfg = Debug|Any CPU
		{D56DB5A7-548B-DAF1-A58B-7C942B03F72D}.Debug|Any CPU.Build.0 = Debug|Any CPU
		{D56DB5A7-548B-DAF1-A58B-7C942B03F72D}.Release|Any CPU.ActiveCfg = Release|Any CPU
		{D56DB5A7-548B-DAF1-A58B-7C942B03F72D}.Release|Any CPU.Build.0 = Release|Any CPU
		{5D7470EE-4C30-D5FD-0147-64820B99D93B}.Debug|Any CPU.ActiveCfg = Debug|Any CPU
		{5D7470EE-4C30-D5FD-0147-64820B99D93B}.Debug|Any CPU.Build.0 = Debug|Any CPU
		{5D7470EE-4C30-D5FD-0147-64820B99D93B}.Release|Any CPU.ActiveCfg = Release|Any CPU
		{5D7470EE-4C30-D5FD-0147-64820B99D93B}.Release|Any CPU.Build.0 = Release|Any CPU
		{35E58420-0586-2621-4752-2B8988986043}.Debug|Any CPU.ActiveCfg = Debug|Any CPU
		{35E58420-0586-2621-4752-2B8988986043}.Debug|Any CPU.Build.0 = Debug|Any CPU
		{35E58420-0586-2621-4752-2B8988986043}.Release|Any CPU.ActiveCfg = Release|Any CPU
		{35E58420-0586-2621-4752-2B8988986043}.Release|Any CPU.Build.0 = Release|Any CPU
		{2B9104A9-F904-0F66-232B-34CB06928011}.Debug|Any CPU.ActiveCfg = Debug|Any CPU
		{2B9104A9-F904-0F66-232B-34CB06928011}.Debug|Any CPU.Build.0 = Debug|Any CPU
		{2B9104A9-F904-0F66-232B-34CB06928011}.Release|Any CPU.ActiveCfg = Release|Any CPU
		{2B9104A9-F904-0F66-232B-34CB06928011}.Release|Any CPU.Build.0 = Release|Any CPU
		{793867B7-CF3B-D77D-3E90-3211AA357D6D}.Debug|Any CPU.ActiveCfg = Debug|Any CPU
		{793867B7-CF3B-D77D-3E90-3211AA357D6D}.Debug|Any CPU.Build.0 = Debug|Any CPU
		{793867B7-CF3B-D77D-3E90-3211AA357D6D}.Release|Any CPU.ActiveCfg = Release|Any CPU
		{793867B7-CF3B-D77D-3E90-3211AA357D6D}.Release|Any CPU.Build.0 = Release|Any CPU
		{FD908F7A-FD81-C612-9F3D-D35DAF2D4697}.Debug|Any CPU.ActiveCfg = Debug|Any CPU
		{FD908F7A-FD81-C612-9F3D-D35DAF2D4697}.Debug|Any CPU.Build.0 = Debug|Any CPU
		{FD908F7A-FD81-C612-9F3D-D35DAF2D4697}.Release|Any CPU.ActiveCfg = Release|Any CPU
		{FD908F7A-FD81-C612-9F3D-D35DAF2D4697}.Release|Any CPU.Build.0 = Release|Any CPU
		{363307A5-7F29-5DAB-7492-84A541C41663}.Debug|Any CPU.ActiveCfg = Debug|Any CPU
		{363307A5-7F29-5DAB-7492-84A541C41663}.Debug|Any CPU.Build.0 = Debug|Any CPU
		{363307A5-7F29-5DAB-7492-84A541C41663}.Release|Any CPU.ActiveCfg = Release|Any CPU
		{363307A5-7F29-5DAB-7492-84A541C41663}.Release|Any CPU.Build.0 = Release|Any CPU
		{5C92A96A-133E-8CB3-244F-47692A44E53E}.Debug|Any CPU.ActiveCfg = Debug|Any CPU
		{5C92A96A-133E-8CB3-244F-47692A44E53E}.Debug|Any CPU.Build.0 = Debug|Any CPU
		{5C92A96A-133E-8CB3-244F-47692A44E53E}.Release|Any CPU.ActiveCfg = Release|Any CPU
		{5C92A96A-133E-8CB3-244F-47692A44E53E}.Release|Any CPU.Build.0 = Release|Any CPU
		{A4A7AB4F-7750-46BA-B0E6-E742E939D334}.Debug|Any CPU.ActiveCfg = Debug|Any CPU
		{A4A7AB4F-7750-46BA-B0E6-E742E939D334}.Debug|Any CPU.Build.0 = Debug|Any CPU
		{A4A7AB4F-7750-46BA-B0E6-E742E939D334}.Release|Any CPU.ActiveCfg = Release|Any CPU
		{A4A7AB4F-7750-46BA-B0E6-E742E939D334}.Release|Any CPU.Build.0 = Release|Any CPU
		{A60E1061-00AE-E817-EA0E-49FF15241306}.Debug|Any CPU.ActiveCfg = Debug|Any CPU
		{A60E1061-00AE-E817-EA0E-49FF15241306}.Debug|Any CPU.Build.0 = Debug|Any CPU
		{A60E1061-00AE-E817-EA0E-49FF15241306}.Release|Any CPU.ActiveCfg = Release|Any CPU
		{A60E1061-00AE-E817-EA0E-49FF15241306}.Release|Any CPU.Build.0 = Release|Any CPU
		{D15FAC55-09C0-9A07-EF49-8B8CDF8001E0}.Debug|Any CPU.ActiveCfg = Debug|Any CPU
		{D15FAC55-09C0-9A07-EF49-8B8CDF8001E0}.Debug|Any CPU.Build.0 = Debug|Any CPU
		{D15FAC55-09C0-9A07-EF49-8B8CDF8001E0}.Release|Any CPU.ActiveCfg = Release|Any CPU
		{D15FAC55-09C0-9A07-EF49-8B8CDF8001E0}.Release|Any CPU.Build.0 = Release|Any CPU
		{EC75CA60-6A9A-D2A7-9EBD-087FC47D2644}.Debug|Any CPU.ActiveCfg = Debug|Any CPU
		{EC75CA60-6A9A-D2A7-9EBD-087FC47D2644}.Debug|Any CPU.Build.0 = Debug|Any CPU
		{EC75CA60-6A9A-D2A7-9EBD-087FC47D2644}.Release|Any CPU.ActiveCfg = Release|Any CPU
		{EC75CA60-6A9A-D2A7-9EBD-087FC47D2644}.Release|Any CPU.Build.0 = Release|Any CPU
		{43648DC5-E175-5EB9-504D-1C439772F799}.Debug|Any CPU.ActiveCfg = Debug|Any CPU
		{43648DC5-E175-5EB9-504D-1C439772F799}.Debug|Any CPU.Build.0 = Debug|Any CPU
		{43648DC5-E175-5EB9-504D-1C439772F799}.Release|Any CPU.ActiveCfg = Release|Any CPU
		{43648DC5-E175-5EB9-504D-1C439772F799}.Release|Any CPU.Build.0 = Release|Any CPU
		{D8728A96-DE3F-564B-3C0F-5FB768BE44D9}.Debug|Any CPU.ActiveCfg = Debug|Any CPU
		{D8728A96-DE3F-564B-3C0F-5FB768BE44D9}.Debug|Any CPU.Build.0 = Debug|Any CPU
		{D8728A96-DE3F-564B-3C0F-5FB768BE44D9}.Release|Any CPU.ActiveCfg = Release|Any CPU
		{D8728A96-DE3F-564B-3C0F-5FB768BE44D9}.Release|Any CPU.Build.0 = Release|Any CPU
		{B26C80EB-3922-5BCD-672C-A8C847256D7D}.Debug|Any CPU.ActiveCfg = Debug|Any CPU
		{B26C80EB-3922-5BCD-672C-A8C847256D7D}.Debug|Any CPU.Build.0 = Debug|Any CPU
		{B26C80EB-3922-5BCD-672C-A8C847256D7D}.Release|Any CPU.ActiveCfg = Release|Any CPU
		{B26C80EB-3922-5BCD-672C-A8C847256D7D}.Release|Any CPU.Build.0 = Release|Any CPU
		{5FCE1D08-1CA0-99B8-BFD3-245213DFD015}.Debug|Any CPU.ActiveCfg = Debug|Any CPU
		{5FCE1D08-1CA0-99B8-BFD3-245213DFD015}.Debug|Any CPU.Build.0 = Debug|Any CPU
		{5FCE1D08-1CA0-99B8-BFD3-245213DFD015}.Release|Any CPU.ActiveCfg = Release|Any CPU
		{5FCE1D08-1CA0-99B8-BFD3-245213DFD015}.Release|Any CPU.Build.0 = Release|Any CPU
		{B6D5DA7A-83DE-5E2C-9EEB-C59208838540}.Debug|Any CPU.ActiveCfg = Debug|Any CPU
		{B6D5DA7A-83DE-5E2C-9EEB-C59208838540}.Debug|Any CPU.Build.0 = Debug|Any CPU
		{B6D5DA7A-83DE-5E2C-9EEB-C59208838540}.Release|Any CPU.ActiveCfg = Release|Any CPU
		{B6D5DA7A-83DE-5E2C-9EEB-C59208838540}.Release|Any CPU.Build.0 = Release|Any CPU
		{6767883F-AD29-75B3-2E4A-8A533A1C5556}.Debug|Any CPU.ActiveCfg = Debug|Any CPU
		{6767883F-AD29-75B3-2E4A-8A533A1C5556}.Debug|Any CPU.Build.0 = Debug|Any CPU
		{6767883F-AD29-75B3-2E4A-8A533A1C5556}.Release|Any CPU.ActiveCfg = Release|Any CPU
		{6767883F-AD29-75B3-2E4A-8A533A1C5556}.Release|Any CPU.Build.0 = Release|Any CPU
		{B67B5B61-C182-A30A-3923-D9C2981D3E80}.Debug|Any CPU.ActiveCfg = Debug|Any CPU
		{B67B5B61-C182-A30A-3923-D9C2981D3E80}.Debug|Any CPU.Build.0 = Debug|Any CPU
		{B67B5B61-C182-A30A-3923-D9C2981D3E80}.Release|Any CPU.ActiveCfg = Release|Any CPU
		{B67B5B61-C182-A30A-3923-D9C2981D3E80}.Release|Any CPU.Build.0 = Release|Any CPU
		{42B66BF3-08F8-FD08-FF33-36759E9B5DFD}.Debug|Any CPU.ActiveCfg = Debug|Any CPU
		{42B66BF3-08F8-FD08-FF33-36759E9B5DFD}.Debug|Any CPU.Build.0 = Debug|Any CPU
		{42B66BF3-08F8-FD08-FF33-36759E9B5DFD}.Release|Any CPU.ActiveCfg = Release|Any CPU
		{42B66BF3-08F8-FD08-FF33-36759E9B5DFD}.Release|Any CPU.Build.0 = Release|Any CPU
		{7C7D31B5-58A8-721E-E6B7-395F43C636DB}.Debug|Any CPU.ActiveCfg = Debug|Any CPU
		{7C7D31B5-58A8-721E-E6B7-395F43C636DB}.Debug|Any CPU.Build.0 = Debug|Any CPU
		{7C7D31B5-58A8-721E-E6B7-395F43C636DB}.Release|Any CPU.ActiveCfg = Release|Any CPU
		{7C7D31B5-58A8-721E-E6B7-395F43C636DB}.Release|Any CPU.Build.0 = Release|Any CPU
		{8AA43AA2-2855-0D8B-3A81-220E73023954}.Debug|Any CPU.ActiveCfg = Debug|Any CPU
		{8AA43AA2-2855-0D8B-3A81-220E73023954}.Debug|Any CPU.Build.0 = Debug|Any CPU
		{8AA43AA2-2855-0D8B-3A81-220E73023954}.Release|Any CPU.ActiveCfg = Release|Any CPU
		{8AA43AA2-2855-0D8B-3A81-220E73023954}.Release|Any CPU.Build.0 = Release|Any CPU
		{30DDCB15-3BEC-5878-EE7C-A6E4CE594038}.Debug|Any CPU.ActiveCfg = Debug|Any CPU
		{30DDCB15-3BEC-5878-EE7C-A6E4CE594038}.Debug|Any CPU.Build.0 = Debug|Any CPU
		{30DDCB15-3BEC-5878-EE7C-A6E4CE594038}.Release|Any CPU.ActiveCfg = Release|Any CPU
		{30DDCB15-3BEC-5878-EE7C-A6E4CE594038}.Release|Any CPU.Build.0 = Release|Any CPU
		{45093D62-046D-09B4-7434-9EF85E6F00CF}.Debug|Any CPU.ActiveCfg = Debug|Any CPU
		{45093D62-046D-09B4-7434-9EF85E6F00CF}.Debug|Any CPU.Build.0 = Debug|Any CPU
		{45093D62-046D-09B4-7434-9EF85E6F00CF}.Release|Any CPU.ActiveCfg = Release|Any CPU
		{45093D62-046D-09B4-7434-9EF85E6F00CF}.Release|Any CPU.Build.0 = Release|Any CPU
		{DD0336D9-9C36-B376-8C27-F3CFFFEF2C87}.Debug|Any CPU.ActiveCfg = Debug|Any CPU
		{DD0336D9-9C36-B376-8C27-F3CFFFEF2C87}.Debug|Any CPU.Build.0 = Debug|Any CPU
		{DD0336D9-9C36-B376-8C27-F3CFFFEF2C87}.Release|Any CPU.ActiveCfg = Release|Any CPU
		{DD0336D9-9C36-B376-8C27-F3CFFFEF2C87}.Release|Any CPU.Build.0 = Release|Any CPU
		{E347FDB1-41B5-84CE-F3F0-52BB01426B19}.Debug|Any CPU.ActiveCfg = Debug|Any CPU
		{E347FDB1-41B5-84CE-F3F0-52BB01426B19}.Debug|Any CPU.Build.0 = Debug|Any CPU
		{E347FDB1-41B5-84CE-F3F0-52BB01426B19}.Release|Any CPU.ActiveCfg = Release|Any CPU
		{E347FDB1-41B5-84CE-F3F0-52BB01426B19}.Release|Any CPU.Build.0 = Release|Any CPU
		{5D39F19E-B3C1-4901-056A-DBC5A712AC2F}.Debug|Any CPU.ActiveCfg = Debug|Any CPU
		{5D39F19E-B3C1-4901-056A-DBC5A712AC2F}.Debug|Any CPU.Build.0 = Debug|Any CPU
		{5D39F19E-B3C1-4901-056A-DBC5A712AC2F}.Release|Any CPU.ActiveCfg = Release|Any CPU
		{5D39F19E-B3C1-4901-056A-DBC5A712AC2F}.Release|Any CPU.Build.0 = Release|Any CPU
		{9D2BCD22-2698-B70B-7A1F-C3D42C166891}.Debug|Any CPU.ActiveCfg = Debug|Any CPU
		{9D2BCD22-2698-B70B-7A1F-C3D42C166891}.Debug|Any CPU.Build.0 = Debug|Any CPU
		{9D2BCD22-2698-B70B-7A1F-C3D42C166891}.Release|Any CPU.ActiveCfg = Release|Any CPU
		{9D2BCD22-2698-B70B-7A1F-C3D42C166891}.Release|Any CPU.Build.0 = Release|Any CPU
		{C4E55167-4F33-E1B5-F1BC-2FD487FE866F}.Debug|Any CPU.ActiveCfg = Debug|Any CPU
		{C4E55167-4F33-E1B5-F1BC-2FD487FE866F}.Debug|Any CPU.Build.0 = Debug|Any CPU
		{C4E55167-4F33-E1B5-F1BC-2FD487FE866F}.Release|Any CPU.ActiveCfg = Release|Any CPU
		{C4E55167-4F33-E1B5-F1BC-2FD487FE866F}.Release|Any CPU.Build.0 = Release|Any CPU
		{994BE6A7-3C2F-552B-7D08-CDB30E29E04E}.Debug|Any CPU.ActiveCfg = Debug|Any CPU
		{994BE6A7-3C2F-552B-7D08-CDB30E29E04E}.Debug|Any CPU.Build.0 = Debug|Any CPU
		{994BE6A7-3C2F-552B-7D08-CDB30E29E04E}.Release|Any CPU.ActiveCfg = Release|Any CPU
		{994BE6A7-3C2F-552B-7D08-CDB30E29E04E}.Release|Any CPU.Build.0 = Release|Any CPU
		{5D1E6397-7022-DD0E-613C-3345AC94D014}.Debug|Any CPU.ActiveCfg = Debug|Any CPU
		{5D1E6397-7022-DD0E-613C-3345AC94D014}.Debug|Any CPU.Build.0 = Debug|Any CPU
		{5D1E6397-7022-DD0E-613C-3345AC94D014}.Release|Any CPU.ActiveCfg = Release|Any CPU
		{5D1E6397-7022-DD0E-613C-3345AC94D014}.Release|Any CPU.Build.0 = Release|Any CPU
		{805FFB32-EF6C-0680-7D02-E17D50E9E18C}.Debug|Any CPU.ActiveCfg = Debug|Any CPU
		{805FFB32-EF6C-0680-7D02-E17D50E9E18C}.Debug|Any CPU.Build.0 = Debug|Any CPU
		{805FFB32-EF6C-0680-7D02-E17D50E9E18C}.Release|Any CPU.ActiveCfg = Release|Any CPU
		{805FFB32-EF6C-0680-7D02-E17D50E9E18C}.Release|Any CPU.Build.0 = Release|Any CPU
		{01C706F8-6942-3E1D-097C-BE491BDD74DB}.Debug|Any CPU.ActiveCfg = Debug|Any CPU
		{01C706F8-6942-3E1D-097C-BE491BDD74DB}.Debug|Any CPU.Build.0 = Debug|Any CPU
		{01C706F8-6942-3E1D-097C-BE491BDD74DB}.Release|Any CPU.ActiveCfg = Release|Any CPU
		{01C706F8-6942-3E1D-097C-BE491BDD74DB}.Release|Any CPU.Build.0 = Release|Any CPU
		{EF585E86-A991-9ECC-6856-8F50285639AC}.Debug|Any CPU.ActiveCfg = Debug|Any CPU
		{EF585E86-A991-9ECC-6856-8F50285639AC}.Debug|Any CPU.Build.0 = Debug|Any CPU
		{EF585E86-A991-9ECC-6856-8F50285639AC}.Release|Any CPU.ActiveCfg = Release|Any CPU
		{EF585E86-A991-9ECC-6856-8F50285639AC}.Release|Any CPU.Build.0 = Release|Any CPU
		{0FAB2912-F53A-5366-20E2-615A7D3EE513}.Debug|Any CPU.ActiveCfg = Debug|Any CPU
		{0FAB2912-F53A-5366-20E2-615A7D3EE513}.Debug|Any CPU.Build.0 = Debug|Any CPU
		{0FAB2912-F53A-5366-20E2-615A7D3EE513}.Release|Any CPU.ActiveCfg = Release|Any CPU
		{0FAB2912-F53A-5366-20E2-615A7D3EE513}.Release|Any CPU.Build.0 = Release|Any CPU
		{2698ADEF-C1FB-56C7-5782-7BBBCBEF920D}.Debug|Any CPU.ActiveCfg = Debug|Any CPU
		{2698ADEF-C1FB-56C7-5782-7BBBCBEF920D}.Debug|Any CPU.Build.0 = Debug|Any CPU
		{2698ADEF-C1FB-56C7-5782-7BBBCBEF920D}.Release|Any CPU.ActiveCfg = Release|Any CPU
		{2698ADEF-C1FB-56C7-5782-7BBBCBEF920D}.Release|Any CPU.Build.0 = Release|Any CPU
		{08E93060-52C8-9C0C-F163-9F714B5935AC}.Debug|Any CPU.ActiveCfg = Debug|Any CPU
		{08E93060-52C8-9C0C-F163-9F714B5935AC}.Debug|Any CPU.Build.0 = Debug|Any CPU
		{08E93060-52C8-9C0C-F163-9F714B5935AC}.Release|Any CPU.ActiveCfg = Release|Any CPU
		{08E93060-52C8-9C0C-F163-9F714B5935AC}.Release|Any CPU.Build.0 = Release|Any CPU
	EndGlobalSection
	GlobalSection(SolutionProperties) = preSolution
		HideSolutionNode = FALSE
	EndGlobalSection
EndGlobal
